
Microsoft Visual Studio Solution File, Format Version 12.00
# Visual Studio Version 17
VisualStudioVersion = 17.0.31903.59
MinimumVisualStudioVersion = 10.0.40219.1
Project("{FAE04EC0-301F-11D3-BF4B-00C04F79EFBC}") = "socket-client", "socket-client\socket-client.csproj", "{6255B7FC-0BBE-4D86-923C-C5FF5A77EBBE}"
EndProject
Project("{FAE04EC0-301F-11D3-BF4B-00C04F79EFBC}") = "socket-server", "socket-server\socket-server.csproj", "{F56E8393-859A-4FC2-9B5C-0FA54B591934}"
EndProject
Global
	GlobalSection(SolutionConfigurationPlatforms) = preSolution
		Debug|Any CPU = Debug|Any CPU
		Release|Any CPU = Release|Any CPU
	EndGlobalSection
	GlobalSection(SolutionProperties) = preSolution
		HideSolutionNode = FALSE
	EndGlobalSection
	GlobalSection(ProjectConfigurationPlatforms) = postSolution
		{6255B7FC-0BBE-4D86-923C-C5FF5A77EBBE}.Debug|Any CPU.ActiveCfg = Debug|Any CPU
		{6255B7FC-0BBE-4D86-923C-C5FF5A77EBBE}.Debug|Any CPU.Build.0 = Debug|Any CPU
		{6255B7FC-0BBE-4D86-923C-C5FF5A77EBBE}.Release|Any CPU.ActiveCfg = Release|Any CPU
		{6255B7FC-0BBE-4D86-923C-C5FF5A77EBBE}.Release|Any CPU.Build.0 = Release|Any CPU
		{F56E8393-859A-4FC2-9B5C-0FA54B591934}.Debug|Any CPU.ActiveCfg = Debug|Any CPU
		{F56E8393-859A-4FC2-9B5C-0FA54B591934}.Debug|Any CPU.Build.0 = Debug|Any CPU
		{F56E8393-859A-4FC2-9B5C-0FA54B591934}.Release|Any CPU.ActiveCfg = Release|Any CPU
		{F56E8393-859A-4FC2-9B5C-0FA54B591934}.Release|Any CPU.Build.0 = Release|Any CPU
	EndGlobalSection
EndGlobal
